
Microsoft Visual Studio Solution File, Format Version 12.00
# Visual Studio Version 17
VisualStudioVersion = 17.5.002.0
MinimumVisualStudioVersion = 10.0.40219.1
Project("{9A19103F-16F7-4668-BE54-9A1E7A4F7556}") = "Assignment2", "Assignment2.csproj", "{4D9FC439-F52D-4D5D-B8DF-62CFBD5BBAF5}"
EndProject
Global
	GlobalSection(SolutionConfigurationPlatforms) = preSolution
		Debug|Any CPU = Debug|Any CPU
		Release|Any CPU = Release|Any CPU
	EndGlobalSection
	GlobalSection(ProjectConfigurationPlatforms) = postSolution
		{4D9FC439-F52D-4D5D-B8DF-62CFBD5BBAF5}.Debug|Any CPU.ActiveCfg = Debug|Any CPU
		{4D9FC439-F52D-4D5D-B8DF-62CFBD5BBAF5}.Debug|Any CPU.Build.0 = Debug|Any CPU
		{4D9FC439-F52D-4D5D-B8DF-62CFBD5BBAF5}.Release|Any CPU.ActiveCfg = Release|Any CPU
		{4D9FC439-F52D-4D5D-B8DF-62CFBD5BBAF5}.Release|Any CPU.Build.0 = Release|Any CPU
	EndGlobalSection
	GlobalSection(SolutionProperties) = preSolution
		HideSolutionNode = FALSE
	EndGlobalSection
	GlobalSection(ExtensibilityGlobals) = postSolution
		SolutionGuid = {35B79311-1EC5-401D-B2DB-0A6636CE8612}
	EndGlobalSection
EndGlobal
